
Microsoft Visual Studio Solution File, Format Version 12.00
# Visual Studio Version 17
VisualStudioVersion = 17.2.32324.380
MinimumVisualStudioVersion = 10.0.40219.1
Project("{9A19103F-16F7-4668-BE54-9A1E7A4F7556}") = "Amusing", "Amusing.csproj", "{77326D91-D19D-48A2-B2BC-C188795227C4}"
EndProject
Global
	GlobalSection(SolutionConfigurationPlatforms) = preSolution
		Debug|Any CPU = Debug|Any CPU
		Release|Any CPU = Release|Any CPU
	EndGlobalSection
	GlobalSection(ProjectConfigurationPlatforms) = postSolution
		{77326D91-D19D-48A2-B2BC-C188795227C4}.Debug|Any CPU.ActiveCfg = Debug|Any CPU
		{77326D91-D19D-48A2-B2BC-C188795227C4}.Debug|Any CPU.Build.0 = Debug|Any CPU
		{77326D91-D19D-48A2-B2BC-C188795227C4}.Release|Any CPU.ActiveCfg = Release|Any CPU
		{77326D91-D19D-48A2-B2BC-C188795227C4}.Release|Any CPU.Build.0 = Release|Any CPU
	EndGlobalSection
	GlobalSection(SolutionProperties) = preSolution
		HideSolutionNode = FALSE
	EndGlobalSection
	GlobalSection(ExtensibilityGlobals) = postSolution
		SolutionGuid = {95586976-03E4-4E80-99AE-A89A0B7BEB5F}
	EndGlobalSection
EndGlobal
